// !$*UTF8*$!
{
	archiveVersion = 1;
	classes = {
	};
	objectVersion = 70;
	objects = {

/* Begin PBXBuildFile section */
		A90618992D6EFF1E0050B872 /* resources.bundle in Resources */ = {isa = PBXBuildFile; fileRef = A90618982D6EFF0B0050B872 /* resources.bundle */; };
		A911DBA32C47024D0033D809 /* sportsxApp.swift in Sources */ = {isa = PBXBuildFile; fileRef = A911DBA22C47024D0033D809 /* sportsxApp.swift */; };
		A911DBA72C47024E0033D809 /* Assets.xcassets in Resources */ = {isa = PBXBuildFile; fileRef = A911DBA62C47024E0033D809 /* Assets.xcassets */; };
		A911DBAA2C47024E0033D809 /* Preview Assets.xcassets in Resources */ = {isa = PBXBuildFile; fileRef = A911DBA92C47024E0033D809 /* Preview Assets.xcassets */; };
		A911DBB42C47024E0033D809 /* sportsxTests.swift in Sources */ = {isa = PBXBuildFile; fileRef = A911DBB32C47024E0033D809 /* sportsxTests.swift */; };
		A911DBBE2C47024E0033D809 /* sportsxUITests.swift in Sources */ = {isa = PBXBuildFile; fileRef = A911DBBD2C47024E0033D809 /* sportsxUITests.swift */; };
		A911DBC02C47024E0033D809 /* sportsxUITestsLaunchTests.swift in Sources */ = {isa = PBXBuildFile; fileRef = A911DBBF2C47024E0033D809 /* sportsxUITestsLaunchTests.swift */; };
		A912CD872E1D6F6A009062AD /* StoreHouseView.swift in Sources */ = {isa = PBXBuildFile; fileRef = A912CD862E1D6F62009062AD /* StoreHouseView.swift */; };
		A933C48D2DBDE1ED000C51D8 /* GlobalConfig.swift in Sources */ = {isa = PBXBuildFile; fileRef = A933C48C2DBDE1EB000C51D8 /* GlobalConfig.swift */; };
		A95064892D0239B600998E30 /* LocationManager.swift in Sources */ = {isa = PBXBuildFile; fileRef = A95064882D0239AE00998E30 /* LocationManager.swift */; };
		A95721712D2FBCF300286592 /* NavigationManager.swift in Sources */ = {isa = PBXBuildFile; fileRef = A95721702D2FBCE300286592 /* NavigationManager.swift */; };
		A96640092D832DB700A94B73 /* AssetManager.swift in Sources */ = {isa = PBXBuildFile; fileRef = A96640082D832DB700A94B73 /* AssetManager.swift */; };
		A966BA042E14B99D009BF4CB /* ShopView.swift in Sources */ = {isa = PBXBuildFile; fileRef = A966BA032E14B995009BF4CB /* ShopView.swift */; };
		A9697C202D23CEC60053E4DC /* SDWebImageSwiftUI in Frameworks */ = {isa = PBXBuildFile; productRef = A9697C1F2D23CEC60053E4DC /* SDWebImageSwiftUI */; };
		A969A7E22EDDCB07005070A2 /* StoreKit.framework in Frameworks */ = {isa = PBXBuildFile; fileRef = A969A7E12EDDCB07005070A2 /* StoreKit.framework */; };
		A969A8B12EDF0210005070A2 /* IAPManager.swift in Sources */ = {isa = PBXBuildFile; fileRef = A969A8B02EDF0206005070A2 /* IAPManager.swift */; };
		A984DCDB2D10820D005EF835 /* CompetitionWidget.swift in Sources */ = {isa = PBXBuildFile; fileRef = A984DCDA2D1081F2005EF835 /* CompetitionWidget.swift */; };
		A99A6AE62C9CB01900FAC86D /* test.swift in Sources */ = {isa = PBXBuildFile; fileRef = A99A6AE52C9CB01900FAC86D /* test.swift */; };
		A99D9A982C4B028D004F72BF /* NaviView.swift in Sources */ = {isa = PBXBuildFile; fileRef = A99D9A972C4B028D004F72BF /* NaviView.swift */; };
		A9A3F2FA2EE0CC2500DD5179 /* SubscriptionDetailView.swift in Sources */ = {isa = PBXBuildFile; fileRef = A9A3F2F92EE0CC0C00DD5179 /* SubscriptionDetailView.swift */; };
		A9B919DF2E675A53001DB7A6 /* ZIPFoundation in Frameworks */ = {isa = PBXBuildFile; productRef = A9B919DE2E675A53001DB7A6 /* ZIPFoundation */; };
		A9B9A54E2D2BFDE800B357C2 /* sportsx_Watch Watch App.app in Embed Watch Content */ = {isa = PBXBuildFile; fileRef = A9B9A52B2D2BFDE700B357C2 /* sportsx_Watch Watch App.app */; settings = {ATTRIBUTES = (RemoveHeadersOnCopy, ); }; };
		A9BF94922E4CD85D000EC9D7 /* AppVersionManager.swift in Sources */ = {isa = PBXBuildFile; fileRef = A9BF94912E4CD858000EC9D7 /* AppVersionManager.swift */; };
		A9C0E4FD2EF1A68000D3099A /* Localizable.strings in Resources */ = {isa = PBXBuildFile; fileRef = A9C0E4FB2EF1A68000D3099A /* Localizable.strings */; };
		A9C0E4FE2EF1A68000D3099A /* Localizable.strings in Resources */ = {isa = PBXBuildFile; fileRef = A9C0E4FB2EF1A68000D3099A /* Localizable.strings */; };
		A9DAC1242C6514C0006C47B1 /* LoginView.swift in Sources */ = {isa = PBXBuildFile; fileRef = A9DAC1232C6514C0006C47B1 /* LoginView.swift */; };
		A9EA734D2F15B29000519779 /* ShopManager.swift in Sources */ = {isa = PBXBuildFile; fileRef = A9EA734C2F15B28B00519779 /* ShopManager.swift */; };
/* End PBXBuildFile section */

/* Begin PBXContainerItemProxy section */
		A911DBB02C47024E0033D809 /* PBXContainerItemProxy */ = {
			isa = PBXContainerItemProxy;
			containerPortal = A911DB972C47024D0033D809 /* Project object */;
			proxyType = 1;
			remoteGlobalIDString = A911DB9E2C47024D0033D809;
			remoteInfo = sportsx;
		};
		A911DBBA2C47024E0033D809 /* PBXContainerItemProxy */ = {
			isa = PBXContainerItemProxy;
			containerPortal = A911DB972C47024D0033D809 /* Project object */;
			proxyType = 1;
			remoteGlobalIDString = A911DB9E2C47024D0033D809;
			remoteInfo = sportsx;
		};
		A9B9A53B2D2BFDE800B357C2 /* PBXContainerItemProxy */ = {
			isa = PBXContainerItemProxy;
			containerPortal = A911DB972C47024D0033D809 /* Project object */;
			proxyType = 1;
			remoteGlobalIDString = A9B9A52A2D2BFDE700B357C2;
			remoteInfo = "sportsx_Watch Watch App";
		};
		A9B9A5452D2BFDE800B357C2 /* PBXContainerItemProxy */ = {
			isa = PBXContainerItemProxy;
			containerPortal = A911DB972C47024D0033D809 /* Project object */;
			proxyType = 1;
			remoteGlobalIDString = A9B9A52A2D2BFDE700B357C2;
			remoteInfo = "sportsx_Watch Watch App";
		};
		A9B9A54C2D2BFDE800B357C2 /* PBXContainerItemProxy */ = {
			isa = PBXContainerItemProxy;
			containerPortal = A911DB972C47024D0033D809 /* Project object */;
			proxyType = 1;
			remoteGlobalIDString = A9B9A52A2D2BFDE700B357C2;
			remoteInfo = "sportsx_Watch Watch App";
		};
/* End PBXContainerItemProxy section */

/* Begin PBXCopyFilesBuildPhase section */
		A9B9A54F2D2BFDE800B357C2 /* Embed Watch Content */ = {
			isa = PBXCopyFilesBuildPhase;
			buildActionMask = 2147483647;
			dstPath = "$(CONTENTS_FOLDER_PATH)/Watch";
			dstSubfolderSpec = 16;
			files = (
				A9B9A54E2D2BFDE800B357C2 /* sportsx_Watch Watch App.app in Embed Watch Content */,
			);
			name = "Embed Watch Content";
			runOnlyForDeploymentPostprocessing = 0;
		};
/* End PBXCopyFilesBuildPhase section */

/* Begin PBXFileReference section */
		A90618982D6EFF0B0050B872 /* resources.bundle */ = {isa = PBXFileReference; lastKnownFileType = "wrapper.plug-in"; path = resources.bundle; sourceTree = "<group>"; };
		A911DB9F2C47024D0033D809 /* sportsx.app */ = {isa = PBXFileReference; explicitFileType = wrapper.application; includeInIndex = 0; path = sportsx.app; sourceTree = BUILT_PRODUCTS_DIR; };
		A911DBA22C47024D0033D809 /* sportsxApp.swift */ = {isa = PBXFileReference; lastKnownFileType = sourcecode.swift; path = sportsxApp.swift; sourceTree = "<group>"; };
		A911DBA62C47024E0033D809 /* Assets.xcassets */ = {isa = PBXFileReference; lastKnownFileType = folder.assetcatalog; path = Assets.xcassets; sourceTree = "<group>"; };
		A911DBA92C47024E0033D809 /* Preview Assets.xcassets */ = {isa = PBXFileReference; lastKnownFileType = folder.assetcatalog; path = "Preview Assets.xcassets"; sourceTree = "<group>"; };
		A911DBAF2C47024E0033D809 /* sportsxTests.xctest */ = {isa = PBXFileReference; explicitFileType = wrapper.cfbundle; includeInIndex = 0; path = sportsxTests.xctest; sourceTree = BUILT_PRODUCTS_DIR; };
		A911DBB32C47024E0033D809 /* sportsxTests.swift */ = {isa = PBXFileReference; lastKnownFileType = sourcecode.swift; path = sportsxTests.swift; sourceTree = "<group>"; };
		A911DBB92C47024E0033D809 /* sportsxUITests.xctest */ = {isa = PBXFileReference; explicitFileType = wrapper.cfbundle; includeInIndex = 0; path = sportsxUITests.xctest; sourceTree = BUILT_PRODUCTS_DIR; };
		A911DBBD2C47024E0033D809 /* sportsxUITests.swift */ = {isa = PBXFileReference; lastKnownFileType = sourcecode.swift; path = sportsxUITests.swift; sourceTree = "<group>"; };
		A911DBBF2C47024E0033D809 /* sportsxUITestsLaunchTests.swift */ = {isa = PBXFileReference; lastKnownFileType = sourcecode.swift; path = sportsxUITestsLaunchTests.swift; sourceTree = "<group>"; };
		A912CD862E1D6F62009062AD /* StoreHouseView.swift */ = {isa = PBXFileReference; lastKnownFileType = sourcecode.swift; path = StoreHouseView.swift; sourceTree = "<group>"; };
		A933C48C2DBDE1EB000C51D8 /* GlobalConfig.swift */ = {isa = PBXFileReference; lastKnownFileType = sourcecode.swift; path = GlobalConfig.swift; sourceTree = "<group>"; };
		A95064872D0133C400998E30 /* sportsx.entitlements */ = {isa = PBXFileReference; lastKnownFileType = text.plist.entitlements; path = sportsx.entitlements; sourceTree = "<group>"; };
		A95064882D0239AE00998E30 /* LocationManager.swift */ = {isa = PBXFileReference; lastKnownFileType = sourcecode.swift; path = LocationManager.swift; sourceTree = "<group>"; };
		A95721702D2FBCE300286592 /* NavigationManager.swift */ = {isa = PBXFileReference; lastKnownFileType = sourcecode.swift; path = NavigationManager.swift; sourceTree = "<group>"; };
		A96640082D832DB700A94B73 /* AssetManager.swift */ = {isa = PBXFileReference; lastKnownFileType = sourcecode.swift; path = AssetManager.swift; sourceTree = "<group>"; };
		A966BA032E14B995009BF4CB /* ShopView.swift */ = {isa = PBXFileReference; lastKnownFileType = sourcecode.swift; path = ShopView.swift; sourceTree = "<group>"; };
		A969A7E12EDDCB07005070A2 /* StoreKit.framework */ = {isa = PBXFileReference; lastKnownFileType = wrapper.framework; name = StoreKit.framework; path = System/Library/Frameworks/StoreKit.framework; sourceTree = SDKROOT; };
		A969A8B02EDF0206005070A2 /* IAPManager.swift */ = {isa = PBXFileReference; lastKnownFileType = sourcecode.swift; path = IAPManager.swift; sourceTree = "<group>"; };
		A984DCDA2D1081F2005EF835 /* CompetitionWidget.swift */ = {isa = PBXFileReference; lastKnownFileType = sourcecode.swift; path = CompetitionWidget.swift; sourceTree = "<group>"; };
		A99050202E8A9A1D00FB9701 /* sportsxDebug.entitlements */ = {isa = PBXFileReference; lastKnownFileType = text.plist.entitlements; path = sportsxDebug.entitlements; sourceTree = "<group>"; };
		A99A6AE52C9CB01900FAC86D /* test.swift */ = {isa = PBXFileReference; lastKnownFileType = sourcecode.swift; path = test.swift; sourceTree = "<group>"; };
		A99D9A972C4B028D004F72BF /* NaviView.swift */ = {isa = PBXFileReference; lastKnownFileType = sourcecode.swift; path = NaviView.swift; sourceTree = "<group>"; };
		A99D9A992C4D7768004F72BF /* Info.plist */ = {isa = PBXFileReference; lastKnownFileType = text.plist; path = Info.plist; sourceTree = "<group>"; };
		A9A3F2F92EE0CC0C00DD5179 /* SubscriptionDetailView.swift */ = {isa = PBXFileReference; lastKnownFileType = sourcecode.swift; path = SubscriptionDetailView.swift; sourceTree = "<group>"; };
		A9B9A52B2D2BFDE700B357C2 /* sportsx_Watch Watch App.app */ = {isa = PBXFileReference; explicitFileType = wrapper.application; includeInIndex = 0; path = "sportsx_Watch Watch App.app"; sourceTree = BUILT_PRODUCTS_DIR; };
		A9B9A53A2D2BFDE800B357C2 /* sportsx_Watch Watch AppTests.xctest */ = {isa = PBXFileReference; explicitFileType = wrapper.cfbundle; includeInIndex = 0; path = "sportsx_Watch Watch AppTests.xctest"; sourceTree = BUILT_PRODUCTS_DIR; };
		A9B9A5442D2BFDE800B357C2 /* sportsx_Watch Watch AppUITests.xctest */ = {isa = PBXFileReference; explicitFileType = wrapper.cfbundle; includeInIndex = 0; path = "sportsx_Watch Watch AppUITests.xctest"; sourceTree = BUILT_PRODUCTS_DIR; };
		A9BF94912E4CD858000EC9D7 /* AppVersionManager.swift */ = {isa = PBXFileReference; lastKnownFileType = sourcecode.swift; path = AppVersionManager.swift; sourceTree = "<group>"; };
		A9C0E4FC2EF1A68000D3099A /* zh-Hant */ = {isa = PBXFileReference; lastKnownFileType = text.plist.strings; name = "zh-Hant"; path = "zh-Hant.lproj/Localizable.strings"; sourceTree = "<group>"; };
		A9C0E4FF2EF1A6E100D3099A /* zh-Hans */ = {isa = PBXFileReference; lastKnownFileType = text.plist.strings; name = "zh-Hans"; path = "zh-Hans.lproj/Localizable.strings"; sourceTree = "<group>"; };
		A9C0E5002EF1A6E600D3099A /* en */ = {isa = PBXFileReference; lastKnownFileType = text.plist.strings; name = en; path = en.lproj/Localizable.strings; sourceTree = "<group>"; };
		A9DAC1232C6514C0006C47B1 /* LoginView.swift */ = {isa = PBXFileReference; lastKnownFileType = sourcecode.swift; path = LoginView.swift; sourceTree = "<group>"; };
		A9EA734C2F15B28B00519779 /* ShopManager.swift */ = {isa = PBXFileReference; lastKnownFileType = sourcecode.swift; path = ShopManager.swift; sourceTree = "<group>"; };
/* End PBXFileReference section */

/* Begin PBXFileSystemSynchronizedRootGroup section */
		A90021742DEF3F9A00B34847 /* AdminSevice */ = {isa = PBXFileSystemSynchronizedRootGroup; explicitFileTypes = {}; explicitFolders = (); path = AdminSevice; sourceTree = "<group>"; };
		A9350C6D2DF748E9005A424F /* Components */ = {isa = PBXFileSystemSynchronizedRootGroup; explicitFileTypes = {}; explicitFolders = (); path = Components; sourceTree = "<group>"; };
		A97D147D2DAFA80E002F0B1E /* SportCenter */ = {isa = PBXFileSystemSynchronizedRootGroup; explicitFileTypes = {}; explicitFolders = (); path = SportCenter; sourceTree = "<group>"; };
		A97D147F2DAFAAB7002F0B1E /* UserCenter */ = {isa = PBXFileSystemSynchronizedRootGroup; explicitFileTypes = {}; explicitFolders = (); path = UserCenter; sourceTree = "<group>"; };
		A97D14802DAFAF71002F0B1E /* HomePage */ = {isa = PBXFileSystemSynchronizedRootGroup; explicitFileTypes = {}; explicitFolders = (); path = HomePage; sourceTree = "<group>"; };
		A97D14812DAFB098002F0B1E /* Tools */ = {isa = PBXFileSystemSynchronizedRootGroup; explicitFileTypes = {}; explicitFolders = (); path = Tools; sourceTree = "<group>"; };
		A9B2825A2DD9101A00DCBCBD /* Extensions */ = {isa = PBXFileSystemSynchronizedRootGroup; explicitFileTypes = {}; explicitFolders = (); path = Extensions; sourceTree = "<group>"; };
		A9B9A52C2D2BFDE700B357C2 /* sportsx_Watch Watch App */ = {isa = PBXFileSystemSynchronizedRootGroup; explicitFileTypes = {}; explicitFolders = (); path = "sportsx_Watch Watch App"; sourceTree = "<group>"; };
		A9B9A53D2D2BFDE800B357C2 /* sportsx_Watch Watch AppTests */ = {isa = PBXFileSystemSynchronizedRootGroup; explicitFileTypes = {}; explicitFolders = (); path = "sportsx_Watch Watch AppTests"; sourceTree = "<group>"; };
		A9B9A5472D2BFDE800B357C2 /* sportsx_Watch Watch AppUITests */ = {isa = PBXFileSystemSynchronizedRootGroup; explicitFileTypes = {}; explicitFolders = (); path = "sportsx_Watch Watch AppUITests"; sourceTree = "<group>"; };
		A9D812762D2EEF6600185548 /* SensorManager */ = {isa = PBXFileSystemSynchronizedRootGroup; explicitFileTypes = {}; explicitFolders = (); path = SensorManager; sourceTree = "<group>"; };
		A9DA6F5C2ED38C5B004C6B08 /* DebugModule */ = {isa = PBXFileSystemSynchronizedRootGroup; explicitFileTypes = {}; explicitFolders = (); path = DebugModule; sourceTree = "<group>"; };
		A9E269EF2D873003002C2033 /* CompetitionLink */ = {isa = PBXFileSystemSynchronizedRootGroup; explicitFileTypes = {}; explicitFolders = (); path = CompetitionLink; sourceTree = "<group>"; };
/* End PBXFileSystemSynchronizedRootGroup section */

/* Begin PBXFrameworksBuildPhase section */
		A911DB9C2C47024D0033D809 /* Frameworks */ = {
			isa = PBXFrameworksBuildPhase;
			buildActionMask = 2147483647;
			files = (
				A969A7E22EDDCB07005070A2 /* StoreKit.framework in Frameworks */,
				A9697C202D23CEC60053E4DC /* SDWebImageSwiftUI in Frameworks */,
				A9B919DF2E675A53001DB7A6 /* ZIPFoundation in Frameworks */,
			);
			runOnlyForDeploymentPostprocessing = 0;
		};
		A911DBAC2C47024E0033D809 /* Frameworks */ = {
			isa = PBXFrameworksBuildPhase;
			buildActionMask = 2147483647;
			files = (
			);
			runOnlyForDeploymentPostprocessing = 0;
		};
		A911DBB62C47024E0033D809 /* Frameworks */ = {
			isa = PBXFrameworksBuildPhase;
			buildActionMask = 2147483647;
			files = (
			);
			runOnlyForDeploymentPostprocessing = 0;
		};
		A9B9A5282D2BFDE700B357C2 /* Frameworks */ = {
			isa = PBXFrameworksBuildPhase;
			buildActionMask = 2147483647;
			files = (
			);
			runOnlyForDeploymentPostprocessing = 0;
		};
		A9B9A5372D2BFDE800B357C2 /* Frameworks */ = {
			isa = PBXFrameworksBuildPhase;
			buildActionMask = 2147483647;
			files = (
			);
			runOnlyForDeploymentPostprocessing = 0;
		};
		A9B9A5412D2BFDE800B357C2 /* Frameworks */ = {
			isa = PBXFrameworksBuildPhase;
			buildActionMask = 2147483647;
			files = (
			);
			runOnlyForDeploymentPostprocessing = 0;
		};
/* End PBXFrameworksBuildPhase section */

/* Begin PBXGroup section */
		A911DB962C47024D0033D809 = {
			isa = PBXGroup;
			children = (
				A9C0E4FB2EF1A68000D3099A /* Localizable.strings */,
				A911DBA12C47024D0033D809 /* sportsx */,
				A911DBB22C47024E0033D809 /* sportsxTests */,
				A911DBBC2C47024E0033D809 /* sportsxUITests */,
				A9B9A52C2D2BFDE700B357C2 /* sportsx_Watch Watch App */,
				A9B9A53D2D2BFDE800B357C2 /* sportsx_Watch Watch AppTests */,
				A9B9A5472D2BFDE800B357C2 /* sportsx_Watch Watch AppUITests */,
				A969A7E02EDDCB07005070A2 /* Frameworks */,
				A911DBA02C47024D0033D809 /* Products */,
			);
			sourceTree = "<group>";
		};
		A911DBA02C47024D0033D809 /* Products */ = {
			isa = PBXGroup;
			children = (
				A911DB9F2C47024D0033D809 /* sportsx.app */,
				A911DBAF2C47024E0033D809 /* sportsxTests.xctest */,
				A911DBB92C47024E0033D809 /* sportsxUITests.xctest */,
				A9B9A52B2D2BFDE700B357C2 /* sportsx_Watch Watch App.app */,
				A9B9A53A2D2BFDE800B357C2 /* sportsx_Watch Watch AppTests.xctest */,
				A9B9A5442D2BFDE800B357C2 /* sportsx_Watch Watch AppUITests.xctest */,
			);
			name = Products;
			sourceTree = "<group>";
		};
		A911DBA12C47024D0033D809 /* sportsx */ = {
			isa = PBXGroup;
			children = (
				A9EA734C2F15B28B00519779 /* ShopManager.swift */,
				A9A3F2F92EE0CC0C00DD5179 /* SubscriptionDetailView.swift */,
				A969A8B02EDF0206005070A2 /* IAPManager.swift */,
				A9DA6F5C2ED38C5B004C6B08 /* DebugModule */,
				A99050202E8A9A1D00FB9701 /* sportsxDebug.entitlements */,
				A9BF94912E4CD858000EC9D7 /* AppVersionManager.swift */,
				A912CD862E1D6F62009062AD /* StoreHouseView.swift */,
				A966BA032E14B995009BF4CB /* ShopView.swift */,
				A9350C6D2DF748E9005A424F /* Components */,
				A90021742DEF3F9A00B34847 /* AdminSevice */,
				A9B2825A2DD9101A00DCBCBD /* Extensions */,
				A933C48C2DBDE1EB000C51D8 /* GlobalConfig.swift */,
				A97D14812DAFB098002F0B1E /* Tools */,
				A97D14802DAFAF71002F0B1E /* HomePage */,
				A97D147F2DAFAAB7002F0B1E /* UserCenter */,
				A97D147D2DAFA80E002F0B1E /* SportCenter */,
				A9E269EF2D873003002C2033 /* CompetitionLink */,
				A96640082D832DB700A94B73 /* AssetManager.swift */,
				A95721702D2FBCE300286592 /* NavigationManager.swift */,
				A9D812762D2EEF6600185548 /* SensorManager */,
				A95064872D0133C400998E30 /* sportsx.entitlements */,
				A95064882D0239AE00998E30 /* LocationManager.swift */,
				A99D9A992C4D7768004F72BF /* Info.plist */,
				A911DBA22C47024D0033D809 /* sportsxApp.swift */,
				A99D9A972C4B028D004F72BF /* NaviView.swift */,
				A9DAC1232C6514C0006C47B1 /* LoginView.swift */,
				A911DBA62C47024E0033D809 /* Assets.xcassets */,
				A911DBA82C47024E0033D809 /* Preview Content */,
				A99A6AE52C9CB01900FAC86D /* test.swift */,
				A90618982D6EFF0B0050B872 /* resources.bundle */,
				A984DCDA2D1081F2005EF835 /* CompetitionWidget.swift */,
			);
			path = sportsx;
			sourceTree = "<group>";
		};
		A911DBA82C47024E0033D809 /* Preview Content */ = {
			isa = PBXGroup;
			children = (
				A911DBA92C47024E0033D809 /* Preview Assets.xcassets */,
			);
			path = "Preview Content";
			sourceTree = "<group>";
		};
		A911DBB22C47024E0033D809 /* sportsxTests */ = {
			isa = PBXGroup;
			children = (
				A911DBB32C47024E0033D809 /* sportsxTests.swift */,
			);
			path = sportsxTests;
			sourceTree = "<group>";
		};
		A911DBBC2C47024E0033D809 /* sportsxUITests */ = {
			isa = PBXGroup;
			children = (
				A911DBBD2C47024E0033D809 /* sportsxUITests.swift */,
				A911DBBF2C47024E0033D809 /* sportsxUITestsLaunchTests.swift */,
			);
			path = sportsxUITests;
			sourceTree = "<group>";
		};
		A969A7E02EDDCB07005070A2 /* Frameworks */ = {
			isa = PBXGroup;
			children = (
				A969A7E12EDDCB07005070A2 /* StoreKit.framework */,
			);
			name = Frameworks;
			sourceTree = "<group>";
		};
/* End PBXGroup section */

/* Begin PBXNativeTarget section */
		A911DB9E2C47024D0033D809 /* sportsx */ = {
			isa = PBXNativeTarget;
			buildConfigurationList = A911DBC32C47024E0033D809 /* Build configuration list for PBXNativeTarget "sportsx" */;
			buildPhases = (
				A911DB9B2C47024D0033D809 /* Sources */,
				A911DB9C2C47024D0033D809 /* Frameworks */,
				A911DB9D2C47024D0033D809 /* Resources */,
				A9B9A54F2D2BFDE800B357C2 /* Embed Watch Content */,
			);
			buildRules = (
			);
			dependencies = (
				A9B9A54D2D2BFDE800B357C2 /* PBXTargetDependency */,
			);
			fileSystemSynchronizedGroups = (
				A90021742DEF3F9A00B34847 /* AdminSevice */,
				A9350C6D2DF748E9005A424F /* Components */,
				A97D147D2DAFA80E002F0B1E /* SportCenter */,
				A97D147F2DAFAAB7002F0B1E /* UserCenter */,
				A97D14802DAFAF71002F0B1E /* HomePage */,
				A97D14812DAFB098002F0B1E /* Tools */,
				A9B2825A2DD9101A00DCBCBD /* Extensions */,
				A9D812762D2EEF6600185548 /* SensorManager */,
				A9DA6F5C2ED38C5B004C6B08 /* DebugModule */,
				A9E269EF2D873003002C2033 /* CompetitionLink */,
			);
			name = sportsx;
			productName = sportsx;
			productReference = A911DB9F2C47024D0033D809 /* sportsx.app */;
			productType = "com.apple.product-type.application";
		};
		A911DBAE2C47024E0033D809 /* sportsxTests */ = {
			isa = PBXNativeTarget;
			buildConfigurationList = A911DBC62C47024E0033D809 /* Build configuration list for PBXNativeTarget "sportsxTests" */;
			buildPhases = (
				A911DBAB2C47024E0033D809 /* Sources */,
				A911DBAC2C47024E0033D809 /* Frameworks */,
				A911DBAD2C47024E0033D809 /* Resources */,
			);
			buildRules = (
			);
			dependencies = (
				A911DBB12C47024E0033D809 /* PBXTargetDependency */,
			);
			name = sportsxTests;
			productName = sportsxTests;
			productReference = A911DBAF2C47024E0033D809 /* sportsxTests.xctest */;
			productType = "com.apple.product-type.bundle.unit-test";
		};
		A911DBB82C47024E0033D809 /* sportsxUITests */ = {
			isa = PBXNativeTarget;
			buildConfigurationList = A911DBC92C47024E0033D809 /* Build configuration list for PBXNativeTarget "sportsxUITests" */;
			buildPhases = (
				A911DBB52C47024E0033D809 /* Sources */,
				A911DBB62C47024E0033D809 /* Frameworks */,
				A911DBB72C47024E0033D809 /* Resources */,
			);
			buildRules = (
			);
			dependencies = (
				A911DBBB2C47024E0033D809 /* PBXTargetDependency */,
			);
			name = sportsxUITests;
			productName = sportsxUITests;
			productReference = A911DBB92C47024E0033D809 /* sportsxUITests.xctest */;
			productType = "com.apple.product-type.bundle.ui-testing";
		};
		A9B9A52A2D2BFDE700B357C2 /* sportsx_Watch Watch App */ = {
			isa = PBXNativeTarget;
			buildConfigurationList = A9B9A5562D2BFDE800B357C2 /* Build configuration list for PBXNativeTarget "sportsx_Watch Watch App" */;
			buildPhases = (
				A9B9A5272D2BFDE700B357C2 /* Sources */,
				A9B9A5282D2BFDE700B357C2 /* Frameworks */,
				A9B9A5292D2BFDE700B357C2 /* Resources */,
			);
			buildRules = (
			);
			dependencies = (
			);
			fileSystemSynchronizedGroups = (
				A9B9A52C2D2BFDE700B357C2 /* sportsx_Watch Watch App */,
			);
			name = "sportsx_Watch Watch App";
			packageProductDependencies = (
			);
			productName = "sportsx_Watch Watch App";
			productReference = A9B9A52B2D2BFDE700B357C2 /* sportsx_Watch Watch App.app */;
			productType = "com.apple.product-type.application";
		};
		A9B9A5392D2BFDE800B357C2 /* sportsx_Watch Watch AppTests */ = {
			isa = PBXNativeTarget;
			buildConfigurationList = A9B9A5572D2BFDE800B357C2 /* Build configuration list for PBXNativeTarget "sportsx_Watch Watch AppTests" */;
			buildPhases = (
				A9B9A5362D2BFDE800B357C2 /* Sources */,
				A9B9A5372D2BFDE800B357C2 /* Frameworks */,
				A9B9A5382D2BFDE800B357C2 /* Resources */,
			);
			buildRules = (
			);
			dependencies = (
				A9B9A53C2D2BFDE800B357C2 /* PBXTargetDependency */,
			);
			fileSystemSynchronizedGroups = (
				A9B9A53D2D2BFDE800B357C2 /* sportsx_Watch Watch AppTests */,
			);
			name = "sportsx_Watch Watch AppTests";
			packageProductDependencies = (
			);
			productName = "sportsx_Watch Watch AppTests";
			productReference = A9B9A53A2D2BFDE800B357C2 /* sportsx_Watch Watch AppTests.xctest */;
			productType = "com.apple.product-type.bundle.unit-test";
		};
		A9B9A5432D2BFDE800B357C2 /* sportsx_Watch Watch AppUITests */ = {
			isa = PBXNativeTarget;
			buildConfigurationList = A9B9A5582D2BFDE800B357C2 /* Build configuration list for PBXNativeTarget "sportsx_Watch Watch AppUITests" */;
			buildPhases = (
				A9B9A5402D2BFDE800B357C2 /* Sources */,
				A9B9A5412D2BFDE800B357C2 /* Frameworks */,
				A9B9A5422D2BFDE800B357C2 /* Resources */,
			);
			buildRules = (
			);
			dependencies = (
				A9B9A5462D2BFDE800B357C2 /* PBXTargetDependency */,
			);
			fileSystemSynchronizedGroups = (
				A9B9A5472D2BFDE800B357C2 /* sportsx_Watch Watch AppUITests */,
			);
			name = "sportsx_Watch Watch AppUITests";
			packageProductDependencies = (
			);
			productName = "sportsx_Watch Watch AppUITests";
			productReference = A9B9A5442D2BFDE800B357C2 /* sportsx_Watch Watch AppUITests.xctest */;
			productType = "com.apple.product-type.bundle.ui-testing";
		};
/* End PBXNativeTarget section */

/* Begin PBXProject section */
		A911DB972C47024D0033D809 /* Project object */ = {
			isa = PBXProject;
			attributes = {
				BuildIndependentTargetsInParallel = 1;
				LastSwiftUpdateCheck = 1600;
				LastUpgradeCheck = 1600;
				TargetAttributes = {
					A911DB9E2C47024D0033D809 = {
						CreatedOnToolsVersion = 15.4;
					};
					A911DBAE2C47024E0033D809 = {
						CreatedOnToolsVersion = 15.4;
						TestTargetID = A911DB9E2C47024D0033D809;
					};
					A911DBB82C47024E0033D809 = {
						CreatedOnToolsVersion = 15.4;
						TestTargetID = A911DB9E2C47024D0033D809;
					};
					A9B9A52A2D2BFDE700B357C2 = {
						CreatedOnToolsVersion = 16.0;
					};
					A9B9A5392D2BFDE800B357C2 = {
						CreatedOnToolsVersion = 16.0;
						TestTargetID = A9B9A52A2D2BFDE700B357C2;
					};
					A9B9A5432D2BFDE800B357C2 = {
						CreatedOnToolsVersion = 16.0;
						TestTargetID = A9B9A52A2D2BFDE700B357C2;
					};
				};
			};
			buildConfigurationList = A911DB9A2C47024D0033D809 /* Build configuration list for PBXProject "sportsx" */;
			compatibilityVersion = "Xcode 14.0";
			developmentRegion = en;
			hasScannedForEncodings = 0;
			knownRegions = (
				en,
				Base,
				"zh-Hans",
				"zh-Hant",
			);
			mainGroup = A911DB962C47024D0033D809;
			packageReferences = (
				A9697C1E2D23CEC60053E4DC /* XCRemoteSwiftPackageReference "SDWebImageSwiftUI" */,
				A9B919DD2E675A53001DB7A6 /* XCRemoteSwiftPackageReference "ZIPFoundation" */,
			);
			productRefGroup = A911DBA02C47024D0033D809 /* Products */;
			projectDirPath = "";
			projectRoot = "";
			targets = (
				A911DB9E2C47024D0033D809 /* sportsx */,
				A911DBAE2C47024E0033D809 /* sportsxTests */,
				A911DBB82C47024E0033D809 /* sportsxUITests */,
				A9B9A52A2D2BFDE700B357C2 /* sportsx_Watch Watch App */,
				A9B9A5392D2BFDE800B357C2 /* sportsx_Watch Watch AppTests */,
				A9B9A5432D2BFDE800B357C2 /* sportsx_Watch Watch AppUITests */,
			);
		};
/* End PBXProject section */

/* Begin PBXResourcesBuildPhase section */
		A911DB9D2C47024D0033D809 /* Resources */ = {
			isa = PBXResourcesBuildPhase;
			buildActionMask = 2147483647;
			files = (
				A90618992D6EFF1E0050B872 /* resources.bundle in Resources */,
				A9C0E4FE2EF1A68000D3099A /* Localizable.strings in Resources */,
				A911DBAA2C47024E0033D809 /* Preview Assets.xcassets in Resources */,
				A911DBA72C47024E0033D809 /* Assets.xcassets in Resources */,
			);
			runOnlyForDeploymentPostprocessing = 0;
		};
		A911DBAD2C47024E0033D809 /* Resources */ = {
			isa = PBXResourcesBuildPhase;
			buildActionMask = 2147483647;
			files = (
			);
			runOnlyForDeploymentPostprocessing = 0;
		};
		A911DBB72C47024E0033D809 /* Resources */ = {
			isa = PBXResourcesBuildPhase;
			buildActionMask = 2147483647;
			files = (
			);
			runOnlyForDeploymentPostprocessing = 0;
		};
		A9B9A5292D2BFDE700B357C2 /* Resources */ = {
			isa = PBXResourcesBuildPhase;
			buildActionMask = 2147483647;
			files = (
				A9C0E4FD2EF1A68000D3099A /* Localizable.strings in Resources */,
			);
			runOnlyForDeploymentPostprocessing = 0;
		};
		A9B9A5382D2BFDE800B357C2 /* Resources */ = {
			isa = PBXResourcesBuildPhase;
			buildActionMask = 2147483647;
			files = (
			);
			runOnlyForDeploymentPostprocessing = 0;
		};
		A9B9A5422D2BFDE800B357C2 /* Resources */ = {
			isa = PBXResourcesBuildPhase;
			buildActionMask = 2147483647;
			files = (
			);
			runOnlyForDeploymentPostprocessing = 0;
		};
/* End PBXResourcesBuildPhase section */

/* Begin PBXSourcesBuildPhase section */
		A911DB9B2C47024D0033D809 /* Sources */ = {
			isa = PBXSourcesBuildPhase;
			buildActionMask = 2147483647;
			files = (
				A9EA734D2F15B29000519779 /* ShopManager.swift in Sources */,
				A9DAC1242C6514C0006C47B1 /* LoginView.swift in Sources */,
				A99A6AE62C9CB01900FAC86D /* test.swift in Sources */,
				A9BF94922E4CD85D000EC9D7 /* AppVersionManager.swift in Sources */,
				A99D9A982C4B028D004F72BF /* NaviView.swift in Sources */,
				A969A8B12EDF0210005070A2 /* IAPManager.swift in Sources */,
				A95064892D0239B600998E30 /* LocationManager.swift in Sources */,
				A933C48D2DBDE1ED000C51D8 /* GlobalConfig.swift in Sources */,
				A911DBA32C47024D0033D809 /* sportsxApp.swift in Sources */,
				A96640092D832DB700A94B73 /* AssetManager.swift in Sources */,
				A984DCDB2D10820D005EF835 /* CompetitionWidget.swift in Sources */,
				A9A3F2FA2EE0CC2500DD5179 /* SubscriptionDetailView.swift in Sources */,
				A912CD872E1D6F6A009062AD /* StoreHouseView.swift in Sources */,
				A95721712D2FBCF300286592 /* NavigationManager.swift in Sources */,
				A966BA042E14B99D009BF4CB /* ShopView.swift in Sources */,
			);
			runOnlyForDeploymentPostprocessing = 0;
		};
		A911DBAB2C47024E0033D809 /* Sources */ = {
			isa = PBXSourcesBuildPhase;
			buildActionMask = 2147483647;
			files = (
				A911DBB42C47024E0033D809 /* sportsxTests.swift in Sources */,
			);
			runOnlyForDeploymentPostprocessing = 0;
		};
		A911DBB52C47024E0033D809 /* Sources */ = {
			isa = PBXSourcesBuildPhase;
			buildActionMask = 2147483647;
			files = (
				A911DBC02C47024E0033D809 /* sportsxUITestsLaunchTests.swift in Sources */,
				A911DBBE2C47024E0033D809 /* sportsxUITests.swift in Sources */,
			);
			runOnlyForDeploymentPostprocessing = 0;
		};
		A9B9A5272D2BFDE700B357C2 /* Sources */ = {
			isa = PBXSourcesBuildPhase;
			buildActionMask = 2147483647;
			files = (
			);
			runOnlyForDeploymentPostprocessing = 0;
		};
		A9B9A5362D2BFDE800B357C2 /* Sources */ = {
			isa = PBXSourcesBuildPhase;
			buildActionMask = 2147483647;
			files = (
			);
			runOnlyForDeploymentPostprocessing = 0;
		};
		A9B9A5402D2BFDE800B357C2 /* Sources */ = {
			isa = PBXSourcesBuildPhase;
			buildActionMask = 2147483647;
			files = (
			);
			runOnlyForDeploymentPostprocessing = 0;
		};
/* End PBXSourcesBuildPhase section */

/* Begin PBXTargetDependency section */
		A911DBB12C47024E0033D809 /* PBXTargetDependency */ = {
			isa = PBXTargetDependency;
			target = A911DB9E2C47024D0033D809 /* sportsx */;
			targetProxy = A911DBB02C47024E0033D809 /* PBXContainerItemProxy */;
		};
		A911DBBB2C47024E0033D809 /* PBXTargetDependency */ = {
			isa = PBXTargetDependency;
			target = A911DB9E2C47024D0033D809 /* sportsx */;
			targetProxy = A911DBBA2C47024E0033D809 /* PBXContainerItemProxy */;
		};
		A9B9A53C2D2BFDE800B357C2 /* PBXTargetDependency */ = {
			isa = PBXTargetDependency;
			target = A9B9A52A2D2BFDE700B357C2 /* sportsx_Watch Watch App */;
			targetProxy = A9B9A53B2D2BFDE800B357C2 /* PBXContainerItemProxy */;
		};
		A9B9A5462D2BFDE800B357C2 /* PBXTargetDependency */ = {
			isa = PBXTargetDependency;
			target = A9B9A52A2D2BFDE700B357C2 /* sportsx_Watch Watch App */;
			targetProxy = A9B9A5452D2BFDE800B357C2 /* PBXContainerItemProxy */;
		};
		A9B9A54D2D2BFDE800B357C2 /* PBXTargetDependency */ = {
			isa = PBXTargetDependency;
			target = A9B9A52A2D2BFDE700B357C2 /* sportsx_Watch Watch App */;
			targetProxy = A9B9A54C2D2BFDE800B357C2 /* PBXContainerItemProxy */;
		};
/* End PBXTargetDependency section */

/* Begin PBXVariantGroup section */
		A9C0E4FB2EF1A68000D3099A /* Localizable.strings */ = {
			isa = PBXVariantGroup;
			children = (
				A9C0E4FC2EF1A68000D3099A /* zh-Hant */,
				A9C0E4FF2EF1A6E100D3099A /* zh-Hans */,
				A9C0E5002EF1A6E600D3099A /* en */,
			);
			name = Localizable.strings;
			sourceTree = "<group>";
		};
/* End PBXVariantGroup section */

/* Begin XCBuildConfiguration section */
		A911DBC12C47024E0033D809 /* Debug */ = {
			isa = XCBuildConfiguration;
			buildSettings = {
				ALWAYS_SEARCH_USER_PATHS = NO;
				ASSETCATALOG_COMPILER_GENERATE_SWIFT_ASSET_SYMBOL_EXTENSIONS = YES;
				CLANG_ANALYZER_NONNULL = YES;
				CLANG_ANALYZER_NUMBER_OBJECT_CONVERSION = YES_AGGRESSIVE;
				CLANG_CXX_LANGUAGE_STANDARD = "gnu++20";
				CLANG_ENABLE_MODULES = YES;
				CLANG_ENABLE_OBJC_ARC = YES;
				CLANG_ENABLE_OBJC_WEAK = YES;
				CLANG_WARN_BLOCK_CAPTURE_AUTORELEASING = YES;
				CLANG_WARN_BOOL_CONVERSION = YES;
				CLANG_WARN_COMMA = YES;
				CLANG_WARN_CONSTANT_CONVERSION = YES;
				CLANG_WARN_DEPRECATED_OBJC_IMPLEMENTATIONS = YES;
				CLANG_WARN_DIRECT_OBJC_ISA_USAGE = YES_ERROR;
				CLANG_WARN_DOCUMENTATION_COMMENTS = YES;
				CLANG_WARN_EMPTY_BODY = YES;
				CLANG_WARN_ENUM_CONVERSION = YES;
				CLANG_WARN_INFINITE_RECURSION = YES;
				CLANG_WARN_INT_CONVERSION = YES;
				CLANG_WARN_NON_LITERAL_NULL_CONVERSION = YES;
				CLANG_WARN_OBJC_IMPLICIT_RETAIN_SELF = YES;
				CLANG_WARN_OBJC_LITERAL_CONVERSION = YES;
				CLANG_WARN_OBJC_ROOT_CLASS = YES_ERROR;
				CLANG_WARN_QUOTED_INCLUDE_IN_FRAMEWORK_HEADER = YES;
				CLANG_WARN_RANGE_LOOP_ANALYSIS = YES;
				CLANG_WARN_STRICT_PROTOTYPES = YES;
				CLANG_WARN_SUSPICIOUS_MOVE = YES;
				CLANG_WARN_UNGUARDED_AVAILABILITY = YES_AGGRESSIVE;
				CLANG_WARN_UNREACHABLE_CODE = YES;
				CLANG_WARN__DUPLICATE_METHOD_MATCH = YES;
				COPY_PHASE_STRIP = NO;
				DEBUG_INFORMATION_FORMAT = dwarf;
				ENABLE_STRICT_OBJC_MSGSEND = YES;
				ENABLE_TESTABILITY = YES;
				ENABLE_USER_SCRIPT_SANDBOXING = YES;
				GCC_C_LANGUAGE_STANDARD = gnu17;
				GCC_DYNAMIC_NO_PIC = NO;
				GCC_NO_COMMON_BLOCKS = YES;
				GCC_OPTIMIZATION_LEVEL = 0;
				GCC_PREPROCESSOR_DEFINITIONS = (
					"DEBUG=1",
					"$(inherited)",
				);
				GCC_WARN_64_TO_32_BIT_CONVERSION = YES;
				GCC_WARN_ABOUT_RETURN_TYPE = YES_ERROR;
				GCC_WARN_UNDECLARED_SELECTOR = YES;
				GCC_WARN_UNINITIALIZED_AUTOS = YES_AGGRESSIVE;
				GCC_WARN_UNUSED_FUNCTION = YES;
				GCC_WARN_UNUSED_VARIABLE = YES;
				IPHONEOS_DEPLOYMENT_TARGET = 17.5;
				LOCALIZATION_PREFERS_STRING_CATALOGS = YES;
				MTL_ENABLE_DEBUG_INFO = INCLUDE_SOURCE;
				MTL_FAST_MATH = YES;
				ONLY_ACTIVE_ARCH = YES;
				SDKROOT = iphoneos;
				SWIFT_ACTIVE_COMPILATION_CONDITIONS = "DEBUG $(inherited)";
				SWIFT_OPTIMIZATION_LEVEL = "-Onone";
			};
			name = Debug;
		};
		A911DBC22C47024E0033D809 /* Release */ = {
			isa = XCBuildConfiguration;
			buildSettings = {
				ALWAYS_SEARCH_USER_PATHS = NO;
				ASSETCATALOG_COMPILER_GENERATE_SWIFT_ASSET_SYMBOL_EXTENSIONS = YES;
				CLANG_ANALYZER_NONNULL = YES;
				CLANG_ANALYZER_NUMBER_OBJECT_CONVERSION = YES_AGGRESSIVE;
				CLANG_CXX_LANGUAGE_STANDARD = "gnu++20";
				CLANG_ENABLE_MODULES = YES;
				CLANG_ENABLE_OBJC_ARC = YES;
				CLANG_ENABLE_OBJC_WEAK = YES;
				CLANG_WARN_BLOCK_CAPTURE_AUTORELEASING = YES;
				CLANG_WARN_BOOL_CONVERSION = YES;
				CLANG_WARN_COMMA = YES;
				CLANG_WARN_CONSTANT_CONVERSION = YES;
				CLANG_WARN_DEPRECATED_OBJC_IMPLEMENTATIONS = YES;
				CLANG_WARN_DIRECT_OBJC_ISA_USAGE = YES_ERROR;
				CLANG_WARN_DOCUMENTATION_COMMENTS = YES;
				CLANG_WARN_EMPTY_BODY = YES;
				CLANG_WARN_ENUM_CONVERSION = YES;
				CLANG_WARN_INFINITE_RECURSION = YES;
				CLANG_WARN_INT_CONVERSION = YES;
				CLANG_WARN_NON_LITERAL_NULL_CONVERSION = YES;
				CLANG_WARN_OBJC_IMPLICIT_RETAIN_SELF = YES;
				CLANG_WARN_OBJC_LITERAL_CONVERSION = YES;
				CLANG_WARN_OBJC_ROOT_CLASS = YES_ERROR;
				CLANG_WARN_QUOTED_INCLUDE_IN_FRAMEWORK_HEADER = YES;
				CLANG_WARN_RANGE_LOOP_ANALYSIS = YES;
				CLANG_WARN_STRICT_PROTOTYPES = YES;
				CLANG_WARN_SUSPICIOUS_MOVE = YES;
				CLANG_WARN_UNGUARDED_AVAILABILITY = YES_AGGRESSIVE;
				CLANG_WARN_UNREACHABLE_CODE = YES;
				CLANG_WARN__DUPLICATE_METHOD_MATCH = YES;
				COPY_PHASE_STRIP = NO;
				DEBUG_INFORMATION_FORMAT = "dwarf-with-dsym";
				ENABLE_NS_ASSERTIONS = NO;
				ENABLE_STRICT_OBJC_MSGSEND = YES;
				ENABLE_USER_SCRIPT_SANDBOXING = YES;
				GCC_C_LANGUAGE_STANDARD = gnu17;
				GCC_NO_COMMON_BLOCKS = YES;
				GCC_WARN_64_TO_32_BIT_CONVERSION = YES;
				GCC_WARN_ABOUT_RETURN_TYPE = YES_ERROR;
				GCC_WARN_UNDECLARED_SELECTOR = YES;
				GCC_WARN_UNINITIALIZED_AUTOS = YES_AGGRESSIVE;
				GCC_WARN_UNUSED_FUNCTION = YES;
				GCC_WARN_UNUSED_VARIABLE = YES;
				IPHONEOS_DEPLOYMENT_TARGET = 17.5;
				LOCALIZATION_PREFERS_STRING_CATALOGS = YES;
				MTL_ENABLE_DEBUG_INFO = NO;
				MTL_FAST_MATH = YES;
				SDKROOT = iphoneos;
				SWIFT_COMPILATION_MODE = wholemodule;
				VALIDATE_PRODUCT = YES;
			};
			name = Release;
		};
		A911DBC42C47024E0033D809 /* Debug */ = {
			isa = XCBuildConfiguration;
			buildSettings = {
				ASSETCATALOG_COMPILER_APPICON_NAME = AppIcon;
				ASSETCATALOG_COMPILER_GLOBAL_ACCENT_COLOR_NAME = AccentColor;
				CODE_SIGN_ENTITLEMENTS = sportsx/sportsxDebug.entitlements;
				CODE_SIGN_IDENTITY = "Apple Development";
				"CODE_SIGN_IDENTITY[sdk=iphoneos*]" = "iPhone Developer";
				CODE_SIGN_STYLE = Manual;
				CURRENT_PROJECT_VERSION = 1;
				DEVELOPMENT_ASSET_PATHS = "\"sportsx/Preview Content\"";
				DEVELOPMENT_TEAM = "";
				"DEVELOPMENT_TEAM[sdk=iphoneos*]" = A6GB95MUY4;
				ENABLE_PREVIEWS = YES;
				GENERATE_INFOPLIST_FILE = YES;
				INFOPLIST_FILE = sportsx/Info.plist;
				INFOPLIST_KEY_CFBundleDisplayName = Sporreer;
				INFOPLIST_KEY_LSApplicationCategoryType = "public.app-category.healthcare-fitness";
				INFOPLIST_KEY_NSCameraUsageDescription = testCamera;
				INFOPLIST_KEY_NSLocationAlwaysAndWhenInUseUsageDescription = "需要位置权限来展示当前地区比赛信息";
				INFOPLIST_KEY_NSLocationAlwaysUsageDescription = "需要后台定位权限来持续记录运动";
				INFOPLIST_KEY_NSLocationWhenInUseUsageDescription = "需要位置权限来展示当前地区比赛信息2";
				INFOPLIST_KEY_NSMicrophoneUsageDescription = testMicro;
				INFOPLIST_KEY_NSPhotoLibraryUsageDescription = testPhoto;
				INFOPLIST_KEY_UIApplicationSceneManifest_Generation = YES;
				INFOPLIST_KEY_UIApplicationSupportsIndirectInputEvents = YES;
				INFOPLIST_KEY_UILaunchScreen_Generation = YES;
				INFOPLIST_KEY_UIRequiredDeviceCapabilities = "accelerometer gyroscope magnetometer";
				INFOPLIST_KEY_UIStatusBarHidden = NO;
				INFOPLIST_KEY_UIStatusBarStyle = "";
				INFOPLIST_KEY_UISupportedInterfaceOrientations = UIInterfaceOrientationPortrait;
				INFOPLIST_KEY_UISupportedInterfaceOrientations_iPad = "UIInterfaceOrientationLandscapeLeft UIInterfaceOrientationLandscapeRight UIInterfaceOrientationPortrait UIInterfaceOrientationPortraitUpsideDown";
				IPHONEOS_DEPLOYMENT_TARGET = 16.0;
				LD_RUNPATH_SEARCH_PATHS = (
					"$(inherited)",
					"@executable_path/Frameworks",
				);
				MARKETING_VERSION = 1.0.0;
				PRODUCT_BUNDLE_IDENTIFIER = com.valbara.sporreer;
				PRODUCT_NAME = "$(TARGET_NAME)";
				PROVISIONING_PROFILE_SPECIFIER = "";
				"PROVISIONING_PROFILE_SPECIFIER[sdk=iphoneos*]" = sporreer_iOS_Development;
				SUPPORTED_PLATFORMS = "iphoneos iphonesimulator";
				SUPPORTS_MACCATALYST = NO;
				SUPPORTS_XR_DESIGNED_FOR_IPHONE_IPAD = YES;
				SWIFT_EMIT_LOC_STRINGS = YES;
				SWIFT_VERSION = 5.0;
				TARGETED_DEVICE_FAMILY = "1,2";
			};
			name = Debug;
		};
		A911DBC52C47024E0033D809 /* Release */ = {
			isa = XCBuildConfiguration;
			buildSettings = {
				ASSETCATALOG_COMPILER_APPICON_NAME = AppIcon;
				ASSETCATALOG_COMPILER_GLOBAL_ACCENT_COLOR_NAME = AccentColor;
				CODE_SIGN_ENTITLEMENTS = sportsx/sportsx.entitlements;
				CODE_SIGN_IDENTITY = "Apple Development";
				CODE_SIGN_STYLE = Manual;
				CURRENT_PROJECT_VERSION = 1;
				DEVELOPMENT_ASSET_PATHS = "\"sportsx/Preview Content\"";
				DEVELOPMENT_TEAM = "";
				ENABLE_PREVIEWS = YES;
				GENERATE_INFOPLIST_FILE = YES;
				INFOPLIST_FILE = sportsx/Info.plist;
				INFOPLIST_KEY_CFBundleDisplayName = Sporreer;
				INFOPLIST_KEY_LSApplicationCategoryType = "public.app-category.healthcare-fitness";
				INFOPLIST_KEY_NSCameraUsageDescription = testCamera;
				INFOPLIST_KEY_NSLocationAlwaysAndWhenInUseUsageDescription = "需要位置权限来展示当前地区比赛信息";
				INFOPLIST_KEY_NSLocationAlwaysUsageDescription = "需要后台定位权限来持续记录运动";
				INFOPLIST_KEY_NSLocationWhenInUseUsageDescription = "需要位置权限来展示当前地区比赛信息2";
				INFOPLIST_KEY_NSMicrophoneUsageDescription = testMicro;
				INFOPLIST_KEY_NSPhotoLibraryUsageDescription = testPhoto;
				INFOPLIST_KEY_UIApplicationSceneManifest_Generation = YES;
				INFOPLIST_KEY_UIApplicationSupportsIndirectInputEvents = YES;
				INFOPLIST_KEY_UILaunchScreen_Generation = YES;
				INFOPLIST_KEY_UIRequiredDeviceCapabilities = "accelerometer gyroscope magnetometer";
				INFOPLIST_KEY_UIStatusBarHidden = NO;
				INFOPLIST_KEY_UIStatusBarStyle = "";
				INFOPLIST_KEY_UISupportedInterfaceOrientations = UIInterfaceOrientationPortrait;
				INFOPLIST_KEY_UISupportedInterfaceOrientations_iPad = "UIInterfaceOrientationLandscapeLeft UIInterfaceOrientationLandscapeRight UIInterfaceOrientationPortrait UIInterfaceOrientationPortraitUpsideDown";
				IPHONEOS_DEPLOYMENT_TARGET = 16.0;
				LD_RUNPATH_SEARCH_PATHS = (
					"$(inherited)",
					"@executable_path/Frameworks",
				);
				MARKETING_VERSION = 1.0.0;
				PRODUCT_BUNDLE_IDENTIFIER = com.renjie.sportsx;
				PRODUCT_NAME = "$(TARGET_NAME)";
				PROVISIONING_PROFILE_SPECIFIER = "";
				SUPPORTED_PLATFORMS = "iphoneos iphonesimulator";
				SUPPORTS_MACCATALYST = NO;
				SUPPORTS_XR_DESIGNED_FOR_IPHONE_IPAD = YES;
				SWIFT_EMIT_LOC_STRINGS = YES;
				SWIFT_VERSION = 5.0;
				TARGETED_DEVICE_FAMILY = "1,2";
			};
			name = Release;
		};
		A911DBC72C47024E0033D809 /* Debug */ = {
			isa = XCBuildConfiguration;
			buildSettings = {
				BUNDLE_LOADER = "$(TEST_HOST)";
				CODE_SIGN_STYLE = Automatic;
				CURRENT_PROJECT_VERSION = 1;
				GENERATE_INFOPLIST_FILE = YES;
				IPHONEOS_DEPLOYMENT_TARGET = 17.5;
				MARKETING_VERSION = 1.0;
				PRODUCT_BUNDLE_IDENTIFIER = renjie.sportsxTests;
				PRODUCT_NAME = "$(TARGET_NAME)";
				SWIFT_EMIT_LOC_STRINGS = NO;
				SWIFT_VERSION = 5.0;
				TARGETED_DEVICE_FAMILY = "1,2";
				TEST_HOST = "$(BUILT_PRODUCTS_DIR)/sportsx.app/$(BUNDLE_EXECUTABLE_FOLDER_PATH)/sportsx";
			};
			name = Debug;
		};
		A911DBC82C47024E0033D809 /* Release */ = {
			isa = XCBuildConfiguration;
			buildSettings = {
				BUNDLE_LOADER = "$(TEST_HOST)";
				CODE_SIGN_STYLE = Automatic;
				CURRENT_PROJECT_VERSION = 1;
				GENERATE_INFOPLIST_FILE = YES;
				IPHONEOS_DEPLOYMENT_TARGET = 17.5;
				MARKETING_VERSION = 1.0;
				PRODUCT_BUNDLE_IDENTIFIER = renjie.sportsxTests;
				PRODUCT_NAME = "$(TARGET_NAME)";
				SWIFT_EMIT_LOC_STRINGS = NO;
				SWIFT_VERSION = 5.0;
				TARGETED_DEVICE_FAMILY = "1,2";
				TEST_HOST = "$(BUILT_PRODUCTS_DIR)/sportsx.app/$(BUNDLE_EXECUTABLE_FOLDER_PATH)/sportsx";
			};
			name = Release;
		};
		A911DBCA2C47024E0033D809 /* Debug */ = {
			isa = XCBuildConfiguration;
			buildSettings = {
				CODE_SIGN_STYLE = Automatic;
				CURRENT_PROJECT_VERSION = 1;
				GENERATE_INFOPLIST_FILE = YES;
				MARKETING_VERSION = 1.0;
				PRODUCT_BUNDLE_IDENTIFIER = renjie.sportsxUITests;
				PRODUCT_NAME = "$(TARGET_NAME)";
				SWIFT_EMIT_LOC_STRINGS = NO;
				SWIFT_VERSION = 5.0;
				TARGETED_DEVICE_FAMILY = "1,2";
				TEST_TARGET_NAME = sportsx;
			};
			name = Debug;
		};
		A911DBCB2C47024E0033D809 /* Release */ = {
			isa = XCBuildConfiguration;
			buildSettings = {
				CODE_SIGN_STYLE = Automatic;
				CURRENT_PROJECT_VERSION = 1;
				GENERATE_INFOPLIST_FILE = YES;
				MARKETING_VERSION = 1.0;
				PRODUCT_BUNDLE_IDENTIFIER = renjie.sportsxUITests;
				PRODUCT_NAME = "$(TARGET_NAME)";
				SWIFT_EMIT_LOC_STRINGS = NO;
				SWIFT_VERSION = 5.0;
				TARGETED_DEVICE_FAMILY = "1,2";
				TEST_TARGET_NAME = sportsx;
			};
			name = Release;
		};
		A9B9A5502D2BFDE800B357C2 /* Debug */ = {
			isa = XCBuildConfiguration;
			buildSettings = {
				ASSETCATALOG_COMPILER_APPICON_NAME = AppIcon;
				ASSETCATALOG_COMPILER_GLOBAL_ACCENT_COLOR_NAME = AccentColor;
				ASSETCATALOG_COMPILER_INCLUDE_ALL_APPICON_ASSETS = NO;
				CODE_SIGN_ENTITLEMENTS = "sportsx_Watch Watch App/sportsx_Watch Watch App.entitlements";
				"CODE_SIGN_IDENTITY[sdk=watchos*]" = "iPhone Developer";
				CODE_SIGN_STYLE = Manual;
				CURRENT_PROJECT_VERSION = 1;
				DEVELOPMENT_ASSET_PATHS = "\"sportsx_Watch Watch App/Preview Content\"";
				DEVELOPMENT_TEAM = "";
				"DEVELOPMENT_TEAM[sdk=watchos*]" = A6GB95MUY4;
				ENABLE_PREVIEWS = YES;
				GENERATE_INFOPLIST_FILE = YES;
				INFOPLIST_FILE = "sportsx-Watch-Watch-App-Info.plist";
				INFOPLIST_KEY_CFBundleDisplayName = Sporreer;
				INFOPLIST_KEY_NSHealthShareUsageDescription = "App 需要读取健康数据在运动中使用";
				INFOPLIST_KEY_NSHealthUpdateUsageDescription = "App 需要写入健康数据以记录运动";
				INFOPLIST_KEY_UISupportedInterfaceOrientations = "UIInterfaceOrientationPortrait UIInterfaceOrientationPortraitUpsideDown";
				INFOPLIST_KEY_WKCompanionAppBundleIdentifier = com.valbara.sporreer;
				LD_RUNPATH_SEARCH_PATHS = (
					"$(inherited)",
					"@executable_path/Frameworks",
				);
				MARKETING_VERSION = 1.0.0;
				PRODUCT_BUNDLE_IDENTIFIER = com.valbara.sporreer.watchkitapp;
				PRODUCT_NAME = "$(TARGET_NAME)";
				PROVISIONING_PROFILE_SPECIFIER = "";
				"PROVISIONING_PROFILE_SPECIFIER[sdk=watchos*]" = sporreer_watchOS_Development;
				SDKROOT = watchos;
				SKIP_INSTALL = YES;
				SWIFT_EMIT_LOC_STRINGS = YES;
				SWIFT_VERSION = 5.0;
				TARGETED_DEVICE_FAMILY = 4;
				WATCHOS_DEPLOYMENT_TARGET = 10.0;
			};
			name = Debug;
		};
		A9B9A5512D2BFDE800B357C2 /* Release */ = {
			isa = XCBuildConfiguration;
			buildSettings = {
				ASSETCATALOG_COMPILER_APPICON_NAME = AppIcon;
				ASSETCATALOG_COMPILER_GLOBAL_ACCENT_COLOR_NAME = AccentColor;
				ASSETCATALOG_COMPILER_INCLUDE_ALL_APPICON_ASSETS = NO;
				CODE_SIGN_ENTITLEMENTS = "sportsx_Watch Watch App/sportsx_Watch Watch App.entitlements";
				CODE_SIGN_STYLE = Manual;
				CURRENT_PROJECT_VERSION = 1;
				DEVELOPMENT_ASSET_PATHS = "\"sportsx_Watch Watch App/Preview Content\"";
				DEVELOPMENT_TEAM = "";
				ENABLE_PREVIEWS = YES;
				GENERATE_INFOPLIST_FILE = YES;
				INFOPLIST_FILE = "sportsx-Watch-Watch-App-Info.plist";
				INFOPLIST_KEY_CFBundleDisplayName = Sporreer;
				INFOPLIST_KEY_NSHealthShareUsageDescription = "App 需要读取健康数据在运动中使用";
				INFOPLIST_KEY_NSHealthUpdateUsageDescription = "App 需要写入健康数据以记录运动";
				INFOPLIST_KEY_UISupportedInterfaceOrientations = "UIInterfaceOrientationPortrait UIInterfaceOrientationPortraitUpsideDown";
				INFOPLIST_KEY_WKCompanionAppBundleIdentifier = com.valbara.sporreer;
				LD_RUNPATH_SEARCH_PATHS = (
					"$(inherited)",
					"@executable_path/Frameworks",
				);
				MARKETING_VERSION = 1.0.0;
				PRODUCT_BUNDLE_IDENTIFIER = com.renjie.sportsx.watchkitapp;
				PRODUCT_NAME = "$(TARGET_NAME)";
				PROVISIONING_PROFILE_SPECIFIER = "";
				SDKROOT = watchos;
				SKIP_INSTALL = YES;
				SWIFT_EMIT_LOC_STRINGS = YES;
				SWIFT_VERSION = 5.0;
				TARGETED_DEVICE_FAMILY = 4;
				WATCHOS_DEPLOYMENT_TARGET = 10.0;
			};
			name = Release;
		};
		A9B9A5522D2BFDE800B357C2 /* Debug */ = {
			isa = XCBuildConfiguration;
			buildSettings = {
				BUNDLE_LOADER = "$(TEST_HOST)";
				CODE_SIGN_STYLE = Automatic;
				CURRENT_PROJECT_VERSION = 1;
				GENERATE_INFOPLIST_FILE = YES;
				MARKETING_VERSION = 1.0;
				PRODUCT_BUNDLE_IDENTIFIER = "renjie.sportsx-Watch-Watch-AppTests";
				PRODUCT_NAME = "$(TARGET_NAME)";
				SDKROOT = watchos;
				SWIFT_EMIT_LOC_STRINGS = NO;
				SWIFT_VERSION = 5.0;
				TARGETED_DEVICE_FAMILY = 4;
				TEST_HOST = "$(BUILT_PRODUCTS_DIR)/sportsx_Watch Watch App.app/$(BUNDLE_EXECUTABLE_FOLDER_PATH)/sportsx_Watch Watch App";
				WATCHOS_DEPLOYMENT_TARGET = 11.0;
			};
			name = Debug;
		};
		A9B9A5532D2BFDE800B357C2 /* Release */ = {
			isa = XCBuildConfiguration;
			buildSettings = {
				BUNDLE_LOADER = "$(TEST_HOST)";
				CODE_SIGN_STYLE = Automatic;
				CURRENT_PROJECT_VERSION = 1;
				GENERATE_INFOPLIST_FILE = YES;
				MARKETING_VERSION = 1.0;
				PRODUCT_BUNDLE_IDENTIFIER = "renjie.sportsx-Watch-Watch-AppTests";
				PRODUCT_NAME = "$(TARGET_NAME)";
				SDKROOT = watchos;
				SWIFT_EMIT_LOC_STRINGS = NO;
				SWIFT_VERSION = 5.0;
				TARGETED_DEVICE_FAMILY = 4;
				TEST_HOST = "$(BUILT_PRODUCTS_DIR)/sportsx_Watch Watch App.app/$(BUNDLE_EXECUTABLE_FOLDER_PATH)/sportsx_Watch Watch App";
				WATCHOS_DEPLOYMENT_TARGET = 11.0;
			};
			name = Release;
		};
		A9B9A5542D2BFDE800B357C2 /* Debug */ = {
			isa = XCBuildConfiguration;
			buildSettings = {
				CODE_SIGN_STYLE = Automatic;
				CURRENT_PROJECT_VERSION = 1;
				GENERATE_INFOPLIST_FILE = YES;
				MARKETING_VERSION = 1.0;
				PRODUCT_BUNDLE_IDENTIFIER = "renjie.sportsx-Watch-Watch-AppUITests";
				PRODUCT_NAME = "$(TARGET_NAME)";
				SDKROOT = watchos;
				SWIFT_EMIT_LOC_STRINGS = NO;
				SWIFT_VERSION = 5.0;
				TARGETED_DEVICE_FAMILY = 4;
				TEST_TARGET_NAME = "sportsx_Watch Watch App";
				WATCHOS_DEPLOYMENT_TARGET = 11.0;
			};
			name = Debug;
		};
		A9B9A5552D2BFDE800B357C2 /* Release */ = {
			isa = XCBuildConfiguration;
			buildSettings = {
				CODE_SIGN_STYLE = Automatic;
				CURRENT_PROJECT_VERSION = 1;
				GENERATE_INFOPLIST_FILE = YES;
				MARKETING_VERSION = 1.0;
				PRODUCT_BUNDLE_IDENTIFIER = "renjie.sportsx-Watch-Watch-AppUITests";
				PRODUCT_NAME = "$(TARGET_NAME)";
				SDKROOT = watchos;
				SWIFT_EMIT_LOC_STRINGS = NO;
				SWIFT_VERSION = 5.0;
				TARGETED_DEVICE_FAMILY = 4;
				TEST_TARGET_NAME = "sportsx_Watch Watch App";
				WATCHOS_DEPLOYMENT_TARGET = 11.0;
			};
			name = Release;
		};
/* End XCBuildConfiguration section */

/* Begin XCConfigurationList section */
		A911DB9A2C47024D0033D809 /* Build configuration list for PBXProject "sportsx" */ = {
			isa = XCConfigurationList;
			buildConfigurations = (
				A911DBC12C47024E0033D809 /* Debug */,
				A911DBC22C47024E0033D809 /* Release */,
			);
			defaultConfigurationIsVisible = 0;
			defaultConfigurationName = Release;
		};
		A911DBC32C47024E0033D809 /* Build configuration list for PBXNativeTarget "sportsx" */ = {
			isa = XCConfigurationList;
			buildConfigurations = (
				A911DBC42C47024E0033D809 /* Debug */,
				A911DBC52C47024E0033D809 /* Release */,
			);
			defaultConfigurationIsVisible = 0;
			defaultConfigurationName = Release;
		};
		A911DBC62C47024E0033D809 /* Build configuration list for PBXNativeTarget "sportsxTests" */ = {
			isa = XCConfigurationList;
			buildConfigurations = (
				A911DBC72C47024E0033D809 /* Debug */,
				A911DBC82C47024E0033D809 /* Release */,
			);
			defaultConfigurationIsVisible = 0;
			defaultConfigurationName = Release;
		};
		A911DBC92C47024E0033D809 /* Build configuration list for PBXNativeTarget "sportsxUITests" */ = {
			isa = XCConfigurationList;
			buildConfigurations = (
				A911DBCA2C47024E0033D809 /* Debug */,
				A911DBCB2C47024E0033D809 /* Release */,
			);
			defaultConfigurationIsVisible = 0;
			defaultConfigurationName = Release;
		};
		A9B9A5562D2BFDE800B357C2 /* Build configuration list for PBXNativeTarget "sportsx_Watch Watch App" */ = {
			isa = XCConfigurationList;
			buildConfigurations = (
				A9B9A5502D2BFDE800B357C2 /* Debug */,
				A9B9A5512D2BFDE800B357C2 /* Release */,
			);
			defaultConfigurationIsVisible = 0;
			defaultConfigurationName = Release;
		};
		A9B9A5572D2BFDE800B357C2 /* Build configuration list for PBXNativeTarget "sportsx_Watch Watch AppTests" */ = {
			isa = XCConfigurationList;
			buildConfigurations = (
				A9B9A5522D2BFDE800B357C2 /* Debug */,
				A9B9A5532D2BFDE800B357C2 /* Release */,
			);
			defaultConfigurationIsVisible = 0;
			defaultConfigurationName = Release;
		};
		A9B9A5582D2BFDE800B357C2 /* Build configuration list for PBXNativeTarget "sportsx_Watch Watch AppUITests" */ = {
			isa = XCConfigurationList;
			buildConfigurations = (
				A9B9A5542D2BFDE800B357C2 /* Debug */,
				A9B9A5552D2BFDE800B357C2 /* Release */,
			);
			defaultConfigurationIsVisible = 0;
			defaultConfigurationName = Release;
		};
/* End XCConfigurationList section */

/* Begin XCRemoteSwiftPackageReference section */
		A9697C1E2D23CEC60053E4DC /* XCRemoteSwiftPackageReference "SDWebImageSwiftUI" */ = {
			isa = XCRemoteSwiftPackageReference;
			repositoryURL = "https://github.com/SDWebImage/SDWebImageSwiftUI";
			requirement = {
				kind = exactVersion;
				version = 3.1.3;
			};
		};
		A9B919DD2E675A53001DB7A6 /* XCRemoteSwiftPackageReference "ZIPFoundation" */ = {
			isa = XCRemoteSwiftPackageReference;
			repositoryURL = "https://github.com/weichsel/ZIPFoundation";
			requirement = {
				kind = exactVersion;
				version = 0.9.19;
			};
		};
/* End XCRemoteSwiftPackageReference section */

/* Begin XCSwiftPackageProductDependency section */
		A9697C1F2D23CEC60053E4DC /* SDWebImageSwiftUI */ = {
			isa = XCSwiftPackageProductDependency;
			package = A9697C1E2D23CEC60053E4DC /* XCRemoteSwiftPackageReference "SDWebImageSwiftUI" */;
			productName = SDWebImageSwiftUI;
		};
		A9B919DE2E675A53001DB7A6 /* ZIPFoundation */ = {
			isa = XCSwiftPackageProductDependency;
			package = A9B919DD2E675A53001DB7A6 /* XCRemoteSwiftPackageReference "ZIPFoundation" */;
			productName = ZIPFoundation;
		};
/* End XCSwiftPackageProductDependency section */
	};
	rootObject = A911DB972C47024D0033D809 /* Project object */;
}
